// !$*UTF8*$!
{
	archiveVersion = 1;
	classes = {
	};
	objectVersion = 46;
	objects = {

/* Begin PBXBuildFile section */
		501C72303FE71CEE70EAFD65 /* libPods-AsyncSocketDemo.a in Frameworks */ = {isa = PBXBuildFile; fileRef = E4425820434418819E7940FD /* libPods-AsyncSocketDemo.a */; };
		E4F274051D756F6C00DF7BC7 /* main.m in Sources */ = {isa = PBXBuildFile; fileRef = E4F274041D756F6C00DF7BC7 /* main.m */; };
		E4F274081D756F6C00DF7BC7 /* AppDelegate.m in Sources */ = {isa = PBXBuildFile; fileRef = E4F274071D756F6C00DF7BC7 /* AppDelegate.m */; };
		E4F2740B1D756F6C00DF7BC7 /* ViewController.m in Sources */ = {isa = PBXBuildFile; fileRef = E4F2740A1D756F6C00DF7BC7 /* ViewController.m */; };
		E4F2740E1D756F6C00DF7BC7 /* Main.storyboard in Resources */ = {isa = PBXBuildFile; fileRef = E4F2740C1D756F6C00DF7BC7 /* Main.storyboard */; };
		E4F274101D756F6C00DF7BC7 /* Assets.xcassets in Resources */ = {isa = PBXBuildFile; fileRef = E4F2740F1D756F6C00DF7BC7 /* Assets.xcassets */; };
		E4F274131D756F6C00DF7BC7 /* LaunchScreen.storyboard in Resources */ = {isa = PBXBuildFile; fileRef = E4F274111D756F6C00DF7BC7 /* LaunchScreen.storyboard */; };
/* End PBXBuildFile section */

/* Begin PBXFileReference section */
		38B55BB67AABB649A41176CF /* Pods-AsyncSocketDemo.debug.xcconfig */ = {isa = PBXFileReference; includeInIndex = 1; lastKnownFileType = text.xcconfig; name = "Pods-AsyncSocketDemo.debug.xcconfig"; path = "Pods/Target Support Files/Pods-AsyncSocketDemo/Pods-AsyncSocketDemo.debug.xcconfig"; sourceTree = "<group>"; };
		9E5B73E11EFF6CBD6597FEAA /* Pods-AsyncSocketDemo.release.xcconfig */ = {isa = PBXFileReference; includeInIndex = 1; lastKnownFileType = text.xcconfig; name = "Pods-AsyncSocketDemo.release.xcconfig"; path = "Pods/Target Support Files/Pods-AsyncSocketDemo/Pods-AsyncSocketDemo.release.xcconfig"; sourceTree = "<group>"; };
		E4425820434418819E7940FD /* libPods-AsyncSocketDemo.a */ = {isa = PBXFileReference; explicitFileType = archive.ar; includeInIndex = 0; path = "libPods-AsyncSocketDemo.a"; sourceTree = BUILT_PRODUCTS_DIR; };
		E4F274001D756F6C00DF7BC7 /* AsyncSocketDemo.app */ = {isa = PBXFileReference; explicitFileType = wrapper.application; includeInIndex = 0; path = AsyncSocketDemo.app; sourceTree = BUILT_PRODUCTS_DIR; };
		E4F274041D756F6C00DF7BC7 /* main.m */ = {isa = PBXFileReference; lastKnownFileType = sourcecode.c.objc; path = main.m; sourceTree = "<group>"; };
		E4F274061D756F6C00DF7BC7 /* AppDelegate.h */ = {isa = PBXFileReference; lastKnownFileType = sourcecode.c.h; path = AppDelegate.h; sourceTree = "<group>"; };
		E4F274071D756F6C00DF7BC7 /* AppDelegate.m */ = {isa = PBXFileReference; lastKnownFileType = sourcecode.c.objc; path = AppDelegate.m; sourceTree = "<group>"; };
		E4F274091D756F6C00DF7BC7 /* ViewController.h */ = {isa = PBXFileReference; lastKnownFileType = sourcecode.c.h; path = ViewController.h; sourceTree = "<group>"; };
		E4F2740A1D756F6C00DF7BC7 /* ViewController.m */ = {isa = PBXFileReference; lastKnownFileType = sourcecode.c.objc; path = ViewController.m; sourceTree = "<group>"; };
		E4F2740D1D756F6C00DF7BC7 /* Base */ = {isa = PBXFileReference; lastKnownFileType = file.storyboard; name = Base; path = Base.lproj/Main.storyboard; sourceTree = "<group>"; };
		E4F2740F1D756F6C00DF7BC7 /* Assets.xcassets */ = {isa = PBXFileReference; lastKnownFileType = folder.assetcatalog; path = Assets.xcassets; sourceTree = "<group>"; };
		E4F274121D756F6C00DF7BC7 /* Base */ = {isa = PBXFileReference; lastKnownFileType = file.storyboard; name = Base; path = Base.lproj/LaunchScreen.storyboard; sourceTree = "<group>"; };
		E4F274141D756F6C00DF7BC7 /* Info.plist */ = {isa = PBXFileReference; lastKnownFileType = text.plist.xml; path = Info.plist; sourceTree = "<group>"; };
/* End PBXFileReference section */

/* Begin PBXFrameworksBuildPhase section */
		E4F273FD1D756F6C00DF7BC7 /* Frameworks */ = {
			isa = PBXFrameworksBuildPhase;
			buildActionMask = 2147483647;
			files = (
				501C72303FE71CEE70EAFD65 /* libPods-AsyncSocketDemo.a in Frameworks */,
			);
			runOnlyForDeploymentPostprocessing = 0;
		};
/* End PBXFrameworksBuildPhase section */

/* Begin PBXGroup section */
		1871BEB0F2196724C745DB0E /* Pods */ = {
			isa = PBXGroup;
			children = (
				38B55BB67AABB649A41176CF /* Pods-AsyncSocketDemo.debug.xcconfig */,
				9E5B73E11EFF6CBD6597FEAA /* Pods-AsyncSocketDemo.release.xcconfig */,
			);
			name = Pods;
			sourceTree = "<group>";
		};
		1F6EE1B4DA3C22747607C99C /* Frameworks */ = {
			isa = PBXGroup;
			children = (
				E4425820434418819E7940FD /* libPods-AsyncSocketDemo.a */,
			);
			name = Frameworks;
			sourceTree = "<group>";
		};
		E4F273F71D756F6C00DF7BC7 = {
			isa = PBXGroup;
			children = (
				E4F274021D756F6C00DF7BC7 /* AsyncSocketDemo */,
				E4F274011D756F6C00DF7BC7 /* Products */,
				1871BEB0F2196724C745DB0E /* Pods */,
				1F6EE1B4DA3C22747607C99C /* Frameworks */,
			);
			sourceTree = "<group>";
		};
		E4F274011D756F6C00DF7BC7 /* Products */ = {
			isa = PBXGroup;
			children = (
				E4F274001D756F6C00DF7BC7 /* AsyncSocketDemo.app */,
			);
			name = Products;
			sourceTree = "<group>";
		};
		E4F274021D756F6C00DF7BC7 /* AsyncSocketDemo */ = {
			isa = PBXGroup;
			children = (
				E4F274061D756F6C00DF7BC7 /* AppDelegate.h */,
				E4F274071D756F6C00DF7BC7 /* AppDelegate.m */,
				E4F274091D756F6C00DF7BC7 /* ViewController.h */,
				E4F2740A1D756F6C00DF7BC7 /* ViewController.m */,
				E4F2740C1D756F6C00DF7BC7 /* Main.storyboard */,
				E4F2740F1D756F6C00DF7BC7 /* Assets.xcassets */,
				E4F274111D756F6C00DF7BC7 /* LaunchScreen.storyboard */,
				E4F274141D756F6C00DF7BC7 /* Info.plist */,
				E4F274031D756F6C00DF7BC7 /* Supporting Files */,
			);
			path = AsyncSocketDemo;
			sourceTree = "<group>";
		};
		E4F274031D756F6C00DF7BC7 /* Supporting Files */ = {
			isa = PBXGroup;
			children = (
				E4F274041D756F6C00DF7BC7 /* main.m */,
			);
			name = "Supporting Files";
			sourceTree = "<group>";
		};
/* End PBXGroup section */

/* Begin PBXNativeTarget section */
		E4F273FF1D756F6C00DF7BC7 /* AsyncSocketDemo */ = {
			isa = PBXNativeTarget;
			buildConfigurationList = E4F274171D756F6C00DF7BC7 /* Build configuration list for PBXNativeTarget "AsyncSocketDemo" */;
			buildPhases = (
				4E2D32E5B839B5E522E7AFF0 /* [CP] Check Pods Manifest.lock */,
				E4F273FC1D756F6C00DF7BC7 /* Sources */,
				E4F273FD1D756F6C00DF7BC7 /* Frameworks */,
				E4F273FE1D756F6C00DF7BC7 /* Resources */,
				7D48B22F289D90A9122D1E7C /* [CP] Embed Pods Frameworks */,
				D448D031EE2BC3041DA2D4B5 /* [CP] Copy Pods Resources */,
			);
			buildRules = (
			);
			dependencies = (
			);
			name = AsyncSocketDemo;
			productName = AsyncSocketDemo;
			productReference = E4F274001D756F6C00DF7BC7 /* AsyncSocketDemo.app */;
			productType = "com.apple.product-type.application";
		};
/* End PBXNativeTarget section */

/* Begin PBXProject section */
		E4F273F81D756F6C00DF7BC7 /* Project object */ = {
			isa = PBXProject;
			attributes = {
				LastUpgradeCheck = 0730;
				ORGANIZATIONNAME = Damon;
				TargetAttributes = {
					E4F273FF1D756F6C00DF7BC7 = {
						CreatedOnToolsVersion = 7.3.1;
					};
				};
			};
			buildConfigurationList = E4F273FB1D756F6C00DF7BC7 /* Build configuration list for PBXProject "AsyncSocketDemo" */;
			compatibilityVersion = "Xcode 3.2";
			developmentRegion = English;
			hasScannedForEncodings = 0;
			knownRegions = (
				en,
				Base,
			);
			mainGroup = E4F273F71D756F6C00DF7BC7;
			productRefGroup = E4F274011D756F6C00DF7BC7 /* Products */;
			projectDirPath = "";
			projectRoot = "";
			targets = (
				E4F273FF1D756F6C00DF7BC7 /* AsyncSocketDemo */,
			);
		};
/* End PBXProject section */

/* Begin PBXResourcesBuildPhase section */
		E4F273FE1D756F6C00DF7BC7 /* Resources */ = {
			isa = PBXResourcesBuildPhase;
			buildActionMask = 2147483647;
			files = (
				E4F274131D756F6C00DF7BC7 /* LaunchScreen.storyboard in Resources */,
				E4F274101D756F6C00DF7BC7 /* Assets.xcassets in Resources */,
				E4F2740E1D756F6C00DF7BC7 /* Main.storyboard in Resources */,
			);
			runOnlyForDeploymentPostprocessing = 0;
		};
/* End PBXResourcesBuildPhase section */

/* Begin PBXShellScriptBuildPhase section */
		4E2D32E5B839B5E522E7AFF0 /* [CP] Check Pods Manifest.lock */ = {
			isa = PBXShellScriptBuildPhase;
			buildActionMask = 2147483647;
			files = (
			);
			inputPaths = (
			);
			name = "[CP] Check Pods Manifest.lock";
			outputPaths = (
			);
			runOnlyForDeploymentPostprocessing = 0;
			shellPath = /bin/sh;
			shellScript = "diff \"${PODS_ROOT}/../Podfile.lock\" \"${PODS_ROOT}/Manifest.lock\" > /dev/null\nif [[ $? != 0 ]] ; then\n    cat << EOM\nerror: The sandbox is not in sync with the Podfile.lock. Run 'pod install' or update your CocoaPods installation.\nEOM\n    exit 1\nfi\n";
			showEnvVarsInLog = 0;
		};
		7D48B22F289D90A9122D1E7C /* [CP] Embed Pods Frameworks */ = {
			isa = PBXShellScriptBuildPhase;
			buildActionMask = 2147483647;
			files = (
			);
			inputPaths = (
			);
			name = "[CP] Embed Pods Frameworks";
			outputPaths = (
			);
			runOnlyForDeploymentPostprocessing = 0;
			shellPath = /bin/sh;
			shellScript = "\"${SRCROOT}/Pods/Target Support Files/Pods-AsyncSocketDemo/Pods-AsyncSocketDemo-frameworks.sh\"\n";
			showEnvVarsInLog = 0;
		};
		D448D031EE2BC3041DA2D4B5 /* [CP] Copy Pods Resources */ = {
			isa = PBXShellScriptBuildPhase;
			buildActionMask = 2147483647;
			files = (
			);
			inputPaths = (
			);
			name = "[CP] Copy Pods Resources";
			outputPaths = (
			);
			runOnlyForDeploymentPostprocessing = 0;
			shellPath = /bin/sh;
			shellScript = "\"${SRCROOT}/Pods/Target Support Files/Pods-AsyncSocketDemo/Pods-AsyncSocketDemo-resources.sh\"\n";
			showEnvVarsInLog = 0;
		};
/* End PBXShellScriptBuildPhase section */

/* Begin PBXSourcesBuildPhase section */
		E4F273FC1D756F6C00DF7BC7 /* Sources */ = {
			isa = PBXSourcesBuildPhase;
			buildActionMask = 2147483647;
			files = (
				E4F2740B1D756F6C00DF7BC7 /* ViewController.m in Sources */,
				E4F274081D756F6C00DF7BC7 /* AppDelegate.m in Sources */,
				E4F274051D756F6C00DF7BC7 /* main.m in Sources */,
			);
			runOnlyForDeploymentPostprocessing = 0;
		};
/* End PBXSourcesBuildPhase section */

/* Begin PBXVariantGroup section */
		E4F2740C1D756F6C00DF7BC7 /* Main.storyboard */ = {
			isa = PBXVariantGroup;
			children = (
				E4F2740D1D756F6C00DF7BC7 /* Base */,
			);
			name = Main.storyboard;
			sourceTree = "<group>";
		};
		E4F274111D756F6C00DF7BC7 /* LaunchScreen.storyboard */ = {
			isa = PBXVariantGroup;
			children = (
				E4F274121D756F6C00DF7BC7 /* Base */,
			);
			name = LaunchScreen.storyboard;
			sourceTree = "<group>";
		};
/* End PBXVariantGroup section */

/* Begin XCBuildConfiguration section */
		E4F274151D756F6C00DF7BC7 /* Debug */ = {
			isa = XCBuildConfiguration;
			buildSettings = {
				ALWAYS_SEARCH_USER_PATHS = NO;
				CLANG_ANALYZER_NONNULL = YES;
				CLANG_CXX_LANGUAGE_STANDARD = "gnu++0x";
				CLANG_CXX_LIBRARY = "libc++";
				CLANG_ENABLE_MODULES = YES;
				CLANG_ENABLE_OBJC_ARC = YES;
				CLANG_WARN_BOOL_CONVERSION = YES;
				CLANG_WARN_CONSTANT_CONVERSION = YES;
				CLANG_WARN_DIRECT_OBJC_ISA_USAGE = YES_ERROR;
				CLANG_WARN_EMPTY_BODY = YES;
				CLANG_WARN_ENUM_CONVERSION = YES;
				CLANG_WARN_INT_CONVERSION = YES;
				CLANG_WARN_OBJC_ROOT_CLASS = YES_ERROR;
				CLANG_WARN_UNREACHABLE_CODE = YES;
				CLANG_WARN__DUPLICATE_METHOD_MATCH = YES;
				"CODE_SIGN_IDENTITY[sdk=iphoneos*]" = "iPhone Developer";
				COPY_PHASE_STRIP = NO;
				DEBUG_INFORMATION_FORMAT = dwarf;
				ENABLE_STRICT_OBJC_MSGSEND = YES;
				ENABLE_TESTABILITY = YES;
				GCC_C_LANGUAGE_STANDARD = gnu99;
				GCC_DYNAMIC_NO_PIC = NO;
				GCC_NO_COMMON_BLOCKS = YES;
				GCC_OPTIMIZATION_LEVEL = 0;
				GCC_PREPROCESSOR_DEFINITIONS = (
					"DEBUG=1",
					"$(inherited)",
				);
				GCC_WARN_64_TO_32_BIT_CONVERSION = YES;
				GCC_WARN_ABOUT_RETURN_TYPE = YES_ERROR;
				GCC_WARN_UNDECLARED_SELECTOR = YES;
				GCC_WARN_UNINITIALIZED_AUTOS = YES_AGGRESSIVE;
				GCC_WARN_UNUSED_FUNCTION = YES;
				GCC_WARN_UNUSED_VARIABLE = YES;
				IPHONEOS_DEPLOYMENT_TARGET = 9.3;
				MTL_ENABLE_DEBUG_INFO = YES;
				ONLY_ACTIVE_ARCH = YES;
				SDKROOT = iphoneos;
				TARGETED_DEVICE_FAMILY = "1,2";
			};
			name = Debug;
		};
		E4F274161D756F6C00DF7BC7 /* Release */ = {
			isa = XCBuildConfiguration;
			buildSettings = {
				ALWAYS_SEARCH_USER_PATHS = NO;
				CLANG_ANALYZER_NONNULL = YES;
				CLANG_CXX_LANGUAGE_STANDARD = "gnu++0x";
				CLANG_CXX_LIBRARY = "libc++";
				CLANG_ENABLE_MODULES = YES;
				CLANG_ENABLE_OBJC_ARC = YES;
				CLANG_WARN_BOOL_CONVERSION = YES;
				CLANG_WARN_CONSTANT_CONVERSION = YES;
				CLANG_WARN_DIRECT_OBJC_ISA_USAGE = YES_ERROR;
				CLANG_WARN_EMPTY_BODY = YES;
				CLANG_WARN_ENUM_CONVERSION = YES;
				CLANG_WARN_INT_CONVERSION = YES;
				CLANG_WARN_OBJC_ROOT_CLASS = YES_ERROR;
				CLANG_WARN_UNREACHABLE_CODE = YES;
				CLANG_WARN__DUPLICATE_METHOD_MATCH = YES;
				"CODE_SIGN_IDENTITY[sdk=iphoneos*]" = "iPhone Developer";
				COPY_PHASE_STRIP = NO;
				DEBUG_INFORMATION_FORMAT = "dwarf-with-dsym";
				ENABLE_NS_ASSERTIONS = NO;
				ENABLE_STRICT_OBJC_MSGSEND = YES;
				GCC_C_LANGUAGE_STANDARD = gnu99;
				GCC_NO_COMMON_BLOCKS = YES;
				GCC_WARN_64_TO_32_BIT_CONVERSION = YES;
				GCC_WARN_ABOUT_RETURN_TYPE = YES_ERROR;
				GCC_WARN_UNDECLARED_SELECTOR = YES;
				GCC_WARN_UNINITIALIZED_AUTOS = YES_AGGRESSIVE;
				GCC_WARN_UNUSED_FUNCTION = YES;
				GCC_WARN_UNUSED_VARIABLE = YES;
				IPHONEOS_DEPLOYMENT_TARGET = 9.3;
				MTL_ENABLE_DEBUG_INFO = NO;
				SDKROOT = iphoneos;
				TARGETED_DEVICE_FAMILY = "1,2";
				VALIDATE_PRODUCT = YES;
			};
			name = Release;
		};
		E4F274181D756F6C00DF7BC7 /* Debug */ = {
			isa = XCBuildConfiguration;
			baseConfigurationReference = 38B55BB67AABB649A41176CF /* Pods-AsyncSocketDemo.debug.xcconfig */;
			buildSettings = {
				ASSETCATALOG_COMPILER_APPICON_NAME = AppIcon;
				INFOPLIST_FILE = AsyncSocketDemo/Info.plist;
				LD_RUNPATH_SEARCH_PATHS = "$(inherited) @executable_path/Frameworks";
				PRODUCT_BUNDLE_IDENTIFIER = com.huaimayi.AsyncSocketDemo;
				PRODUCT_NAME = "$(TARGET_NAME)";
			};
			name = Debug;
		};
		E4F274191D756F6C00DF7BC7 /* Release */ = {
			isa = XCBuildConfiguration;
			baseConfigurationReference = 9E5B73E11EFF6CBD6597FEAA /* Pods-AsyncSocketDemo.release.xcconfig */;
			buildSettings = {
				ASSETCATALOG_COMPILER_APPICON_NAME = AppIcon;
				INFOPLIST_FILE = AsyncSocketDemo/Info.plist;
				LD_RUNPATH_SEARCH_PATHS = "$(inherited) @executable_path/Frameworks";
				PRODUCT_BUNDLE_IDENTIFIER = com.huaimayi.AsyncSocketDemo;
				PRODUCT_NAME = "$(TARGET_NAME)";
			};
			name = Release;
		};
/* End XCBuildConfiguration section */

/* Begin XCConfigurationList section */
		E4F273FB1D756F6C00DF7BC7 /* Build configuration list for PBXProject "AsyncSocketDemo" */ = {
			isa = XCConfigurationList;
			buildConfigurations = (
				E4F274151D756F6C00DF7BC7 /* Debug */,
				E4F274161D756F6C00DF7BC7 /* Release */,
			);
			defaultConfigurationIsVisible = 0;
			defaultConfigurationName = Release;
		};
		E4F274171D756F6C00DF7BC7 /* Build configuration list for PBXNativeTarget "AsyncSocketDemo" */ = {
			isa = XCConfigurationList;
			buildConfigurations = (
				E4F274181D756F6C00DF7BC7 /* Debug */,
				E4F274191D756F6C00DF7BC7 /* Release */,
			);
			defaultConfigurationIsVisible = 0;
			defaultConfigurationName = Release;
		};
/* End XCConfigurationList section */
	};
	rootObject = E4F273F81D756F6C00DF7BC7 /* Project object */;
}
